
Microsoft Visual Studio Solution File, Format Version 12.00
# Visual Studio Version 17
VisualStudioVersion = 17.4.33110.190
MinimumVisualStudioVersion = 10.0.40219.1
Project("{FAE04EC0-301F-11D3-BF4B-00C04F79EFBC}") = "WcfTest", "WcfTest\WcfTest.csproj", "{E82A06B7-D91C-49D1-869B-7C0D5A207C98}"
EndProject
Global
	GlobalSection(SolutionConfigurationPlatforms) = preSolution
		Debug|Any CPU = Debug|Any CPU
		Release|Any CPU = Release|Any CPU
	EndGlobalSection
	GlobalSection(ProjectConfigurationPlatforms) = postSolution
		{E82A06B7-D91C-49D1-869B-7C0D5A207C98}.Debug|Any CPU.ActiveCfg = Debug|Any CPU
		{E82A06B7-D91C-49D1-869B-7C0D5A207C98}.Debug|Any CPU.Build.0 = Debug|Any CPU
		{E82A06B7-D91C-49D1-869B-7C0D5A207C98}.Release|Any CPU.ActiveCfg = Release|Any CPU
		{E82A06B7-D91C-49D1-869B-7C0D5A207C98}.Release|Any CPU.Build.0 = Release|Any CPU
	EndGlobalSection
	GlobalSection(SolutionProperties) = preSolution
		HideSolutionNode = FALSE
	EndGlobalSection
	GlobalSection(ExtensibilityGlobals) = postSolution
		SolutionGuid = {9F0FA8A3-2996-4856-AAE3-80109196BAB8}
	EndGlobalSection
EndGlobal
