
Microsoft Visual Studio Solution File, Format Version 12.00
# Visual Studio Version 17
VisualStudioVersion = 17.4.33110.190
MinimumVisualStudioVersion = 10.0.40219.1
Project("{9A19103F-16F7-4668-BE54-9A1E7A4F7556}") = "Visi0n.0", "Visi0n.0\Visi0n.0.csproj", "{F59BBEAD-0136-4C78-8753-5CB93F660937}"
EndProject
Project("{9A19103F-16F7-4668-BE54-9A1E7A4F7556}") = "Model!", "..\Model!\Model!.csproj", "{DCFBBE35-123F-4499-896B-8A9F933D4449}"
EndProject
Project("{9A19103F-16F7-4668-BE54-9A1E7A4F7556}") = "VModel!", "..\VModel!\VModel!.csproj", "{E514A94B-AEEA-4924-9FE2-8D457439F0DA}"
EndProject
Project("{FAE04EC0-301F-11D3-BF4B-00C04F79EFBC}") = "WCFcore", "..\WCFcore\WCFcore.csproj", "{3D5A885E-3245-42B8-9EE9-F0C6D927DEE1}"
EndProject
Project("{FAE04EC0-301F-11D3-BF4B-00C04F79EFBC}") = "WCFhost", "..\WCFhost\WCFhost.csproj", "{20E54BAF-A6AF-4669-9B44-AB2B271A1399}"
EndProject
Project("{FAE04EC0-301F-11D3-BF4B-00C04F79EFBC}") = "Visi0nClient", "..\..\Visi0nClient\Visi0nClient.csproj", "{AF662FFE-5274-43CD-8A1D-3A53232DC416}"
EndProject
Global
	GlobalSection(SolutionConfigurationPlatforms) = preSolution
		Debug|Any CPU = Debug|Any CPU
		Release|Any CPU = Release|Any CPU
	EndGlobalSection
	GlobalSection(ProjectConfigurationPlatforms) = postSolution
		{F59BBEAD-0136-4C78-8753-5CB93F660937}.Debug|Any CPU.ActiveCfg = Debug|Any CPU
		{F59BBEAD-0136-4C78-8753-5CB93F660937}.Debug|Any CPU.Build.0 = Debug|Any CPU
		{F59BBEAD-0136-4C78-8753-5CB93F660937}.Release|Any CPU.ActiveCfg = Release|Any CPU
		{F59BBEAD-0136-4C78-8753-5CB93F660937}.Release|Any CPU.Build.0 = Release|Any CPU
		{DCFBBE35-123F-4499-896B-8A9F933D4449}.Debug|Any CPU.ActiveCfg = Debug|Any CPU
		{DCFBBE35-123F-4499-896B-8A9F933D4449}.Debug|Any CPU.Build.0 = Debug|Any CPU
		{DCFBBE35-123F-4499-896B-8A9F933D4449}.Release|Any CPU.ActiveCfg = Release|Any CPU
		{DCFBBE35-123F-4499-896B-8A9F933D4449}.Release|Any CPU.Build.0 = Release|Any CPU
		{E514A94B-AEEA-4924-9FE2-8D457439F0DA}.Debug|Any CPU.ActiveCfg = Debug|Any CPU
		{E514A94B-AEEA-4924-9FE2-8D457439F0DA}.Debug|Any CPU.Build.0 = Debug|Any CPU
		{E514A94B-AEEA-4924-9FE2-8D457439F0DA}.Release|Any CPU.ActiveCfg = Release|Any CPU
		{E514A94B-AEEA-4924-9FE2-8D457439F0DA}.Release|Any CPU.Build.0 = Release|Any CPU
		{3D5A885E-3245-42B8-9EE9-F0C6D927DEE1}.Debug|Any CPU.ActiveCfg = Debug|Any CPU
		{3D5A885E-3245-42B8-9EE9-F0C6D927DEE1}.Debug|Any CPU.Build.0 = Debug|Any CPU
		{3D5A885E-3245-42B8-9EE9-F0C6D927DEE1}.Release|Any CPU.ActiveCfg = Release|Any CPU
		{3D5A885E-3245-42B8-9EE9-F0C6D927DEE1}.Release|Any CPU.Build.0 = Release|Any CPU
		{20E54BAF-A6AF-4669-9B44-AB2B271A1399}.Debug|Any CPU.ActiveCfg = Debug|Any CPU
		{20E54BAF-A6AF-4669-9B44-AB2B271A1399}.Debug|Any CPU.Build.0 = Debug|Any CPU
		{20E54BAF-A6AF-4669-9B44-AB2B271A1399}.Release|Any CPU.ActiveCfg = Release|Any CPU
		{20E54BAF-A6AF-4669-9B44-AB2B271A1399}.Release|Any CPU.Build.0 = Release|Any CPU
		{AF662FFE-5274-43CD-8A1D-3A53232DC416}.Debug|Any CPU.ActiveCfg = Debug|Any CPU
		{AF662FFE-5274-43CD-8A1D-3A53232DC416}.Debug|Any CPU.Build.0 = Debug|Any CPU
		{AF662FFE-5274-43CD-8A1D-3A53232DC416}.Release|Any CPU.ActiveCfg = Release|Any CPU
		{AF662FFE-5274-43CD-8A1D-3A53232DC416}.Release|Any CPU.Build.0 = Release|Any CPU
	EndGlobalSection
	GlobalSection(SolutionProperties) = preSolution
		HideSolutionNode = FALSE
	EndGlobalSection
	GlobalSection(ExtensibilityGlobals) = postSolution
		SolutionGuid = {4279D3CE-1E78-41FD-B78F-E95A0D560099}
	EndGlobalSection
EndGlobal
